
Microsoft Visual Studio Solution File, Format Version 12.00
# Visual Studio 15
VisualStudioVersion = 15.0.28307.102
MinimumVisualStudioVersion = 10.0.40219.1
Project("{FAE04EC0-301F-11D3-BF4B-00C04F79EFBC}") = "Web.UI", "Web.UI\Web.UI.csproj", "{7776DDA5-D94F-4114-BEE0-9045F3110940}"
EndProject
Project("{FAE04EC0-301F-11D3-BF4B-00C04F79EFBC}") = "Web.Helper", "Web.Helper\Web.Helper.csproj", "{70A48C98-7C92-41FB-845A-74DD2AD305BA}"
EndProject
Project("{FAE04EC0-301F-11D3-BF4B-00C04F79EFBC}") = "Web.Model", "Web.Model\Web.Model.csproj", "{4709A63A-EDF2-4BFF-8C47-0E79235F0090}"
EndProject
Global
	GlobalSection(SolutionConfigurationPlatforms) = preSolution
		Debug|Any CPU = Debug|Any CPU
		Release|Any CPU = Release|Any CPU
	EndGlobalSection
	GlobalSection(ProjectConfigurationPlatforms) = postSolution
		{7776DDA5-D94F-4114-BEE0-9045F3110940}.Debug|Any CPU.ActiveCfg = Debug|Any CPU
		{7776DDA5-D94F-4114-BEE0-9045F3110940}.Debug|Any CPU.Build.0 = Debug|Any CPU
		{7776DDA5-D94F-4114-BEE0-9045F3110940}.Release|Any CPU.ActiveCfg = Release|Any CPU
		{7776DDA5-D94F-4114-BEE0-9045F3110940}.Release|Any CPU.Build.0 = Release|Any CPU
		{70A48C98-7C92-41FB-845A-74DD2AD305BA}.Debug|Any CPU.ActiveCfg = Debug|Any CPU
		{70A48C98-7C92-41FB-845A-74DD2AD305BA}.Debug|Any CPU.Build.0 = Debug|Any CPU
		{70A48C98-7C92-41FB-845A-74DD2AD305BA}.Release|Any CPU.ActiveCfg = Release|Any CPU
		{70A48C98-7C92-41FB-845A-74DD2AD305BA}.Release|Any CPU.Build.0 = Release|Any CPU
		{4709A63A-EDF2-4BFF-8C47-0E79235F0090}.Debug|Any CPU.ActiveCfg = Debug|Any CPU
		{4709A63A-EDF2-4BFF-8C47-0E79235F0090}.Debug|Any CPU.Build.0 = Debug|Any CPU
		{4709A63A-EDF2-4BFF-8C47-0E79235F0090}.Release|Any CPU.ActiveCfg = Release|Any CPU
		{4709A63A-EDF2-4BFF-8C47-0E79235F0090}.Release|Any CPU.Build.0 = Release|Any CPU
	EndGlobalSection
	GlobalSection(SolutionProperties) = preSolution
		HideSolutionNode = FALSE
	EndGlobalSection
	GlobalSection(ExtensibilityGlobals) = postSolution
		SolutionGuid = {35CB858D-09FA-412A-953B-90CA1115C470}
	EndGlobalSection
EndGlobal
